
Microsoft Visual Studio Solution File, Format Version 12.00
# Visual Studio Version 17
VisualStudioVersion = 17.0.31903.59
MinimumVisualStudioVersion = 10.0.40219.1
Project("{FAE04EC0-301F-11D3-BF4B-00C04F79EFBC}") = "DoJoCat.Messaging.Consumers", "DoJoCat.Messaging.Consumers\DoJoCat.Messaging.Consumers.csproj", "{8285BBF2-CA22-44A2-BEF3-445A5CB7B835}"
EndProject
Project("{FAE04EC0-301F-11D3-BF4B-00C04F79EFBC}") = "DoJoCat.Messaging.Domain", "DoJoCat.Messaging.Domain\DoJoCat.Messaging.Domain.csproj", "{21D87979-F826-4473-BCAB-9B4F6E6A877E}"
EndProject
Project("{FAE04EC0-301F-11D3-BF4B-00C04F79EFBC}") = "DoJoCat.Messaging.Application", "DoJoCat.Messaging.Application\DoJoCat.Messaging.Application.csproj", "{5BDF5B2D-0552-4780-98FE-73861BB08B8E}"
EndProject
Global
	GlobalSection(SolutionConfigurationPlatforms) = preSolution
		Debug|Any CPU = Debug|Any CPU
		Release|Any CPU = Release|Any CPU
	EndGlobalSection
	GlobalSection(SolutionProperties) = preSolution
		HideSolutionNode = FALSE
	EndGlobalSection
	GlobalSection(ProjectConfigurationPlatforms) = postSolution
		{8285BBF2-CA22-44A2-BEF3-445A5CB7B835}.Debug|Any CPU.ActiveCfg = Debug|Any CPU
		{8285BBF2-CA22-44A2-BEF3-445A5CB7B835}.Debug|Any CPU.Build.0 = Debug|Any CPU
		{8285BBF2-CA22-44A2-BEF3-445A5CB7B835}.Release|Any CPU.ActiveCfg = Release|Any CPU
		{8285BBF2-CA22-44A2-BEF3-445A5CB7B835}.Release|Any CPU.Build.0 = Release|Any CPU
		{21D87979-F826-4473-BCAB-9B4F6E6A877E}.Debug|Any CPU.ActiveCfg = Debug|Any CPU
		{21D87979-F826-4473-BCAB-9B4F6E6A877E}.Debug|Any CPU.Build.0 = Debug|Any CPU
		{21D87979-F826-4473-BCAB-9B4F6E6A877E}.Release|Any CPU.ActiveCfg = Release|Any CPU
		{21D87979-F826-4473-BCAB-9B4F6E6A877E}.Release|Any CPU.Build.0 = Release|Any CPU
		{5BDF5B2D-0552-4780-98FE-73861BB08B8E}.Debug|Any CPU.ActiveCfg = Debug|Any CPU
		{5BDF5B2D-0552-4780-98FE-73861BB08B8E}.Debug|Any CPU.Build.0 = Debug|Any CPU
		{5BDF5B2D-0552-4780-98FE-73861BB08B8E}.Release|Any CPU.ActiveCfg = Release|Any CPU
		{5BDF5B2D-0552-4780-98FE-73861BB08B8E}.Release|Any CPU.Build.0 = Release|Any CPU
	EndGlobalSection
EndGlobal
